// !$*UTF8*$!
{
	archiveVersion = 1;
	classes = {
	};
	objectVersion = 46;
	objects = {

/* Begin PBXBuildFile section */
		F328F4C71920A059004E8CE8 /* AssetsLibrary.framework in Frameworks */ = {isa = PBXBuildFile; fileRef = F328F4C61920A059004E8CE8 /* AssetsLibrary.framework */; };
		F3A1F45319207BAB0081885B /* Foundation.framework in Frameworks */ = {isa = PBXBuildFile; fileRef = F3A1F45219207BAB0081885B /* Foundation.framework */; };
		F3A1F45519207BAB0081885B /* CoreGraphics.framework in Frameworks */ = {isa = PBXBuildFile; fileRef = F3A1F45419207BAB0081885B /* CoreGraphics.framework */; };
		F3A1F45719207BAB0081885B /* UIKit.framework in Frameworks */ = {isa = PBXBuildFile; fileRef = F3A1F45619207BAB0081885B /* UIKit.framework */; };
		F3A1F45D19207BAB0081885B /* InfoPlist.strings in Resources */ = {isa = PBXBuildFile; fileRef = F3A1F45B19207BAB0081885B /* InfoPlist.strings */; };
		F3A1F45F19207BAB0081885B /* main.m in Sources */ = {isa = PBXBuildFile; fileRef = F3A1F45E19207BAB0081885B /* main.m */; };
		F3A1F46319207BAB0081885B /* AppDelegate.m in Sources */ = {isa = PBXBuildFile; fileRef = F3A1F46219207BAB0081885B /* AppDelegate.m */; };
		F3A1F46619207BAB0081885B /* Main.storyboard in Resources */ = {isa = PBXBuildFile; fileRef = F3A1F46419207BAB0081885B /* Main.storyboard */; };
		F3A1F46919207BAB0081885B /* ViewController.m in Sources */ = {isa = PBXBuildFile; fileRef = F3A1F46819207BAB0081885B /* ViewController.m */; };
		F3A1F46B19207BAB0081885B /* Images.xcassets in Resources */ = {isa = PBXBuildFile; fileRef = F3A1F46A19207BAB0081885B /* Images.xcassets */; };
		F3A1F47219207BAB0081885B /* XCTest.framework in Frameworks */ = {isa = PBXBuildFile; fileRef = F3A1F47119207BAB0081885B /* XCTest.framework */; };
		F3A1F47319207BAB0081885B /* Foundation.framework in Frameworks */ = {isa = PBXBuildFile; fileRef = F3A1F45219207BAB0081885B /* Foundation.framework */; };
		F3A1F47419207BAB0081885B /* UIKit.framework in Frameworks */ = {isa = PBXBuildFile; fileRef = F3A1F45619207BAB0081885B /* UIKit.framework */; };
		F3A1F47C19207BAB0081885B /* InfoPlist.strings in Resources */ = {isa = PBXBuildFile; fileRef = F3A1F47A19207BAB0081885B /* InfoPlist.strings */; };
		F3A1F47E19207BAB0081885B /* CoreImageTests.m in Sources */ = {isa = PBXBuildFile; fileRef = F3A1F47D19207BAB0081885B /* CoreImageTests.m */; };
		F3A1F48819207BDC0081885B /* CoreImage.framework in Frameworks */ = {isa = PBXBuildFile; fileRef = F3A1F48719207BDC0081885B /* CoreImage.framework */; };
		F3A1F48A19207F070081885B /* image.png in Resources */ = {isa = PBXBuildFile; fileRef = F3A1F48919207F070081885B /* image.png */; };
/* End PBXBuildFile section */

/* Begin PBXContainerItemProxy section */
		F3A1F47519207BAB0081885B /* PBXContainerItemProxy */ = {
			isa = PBXContainerItemProxy;
			containerPortal = F3A1F44719207BAA0081885B /* Project object */;
			proxyType = 1;
			remoteGlobalIDString = F3A1F44E19207BAB0081885B;
			remoteInfo = CoreImage;
		};
/* End PBXContainerItemProxy section */

/* Begin PBXFileReference section */
		F328F4C61920A059004E8CE8 /* AssetsLibrary.framework */ = {isa = PBXFileReference; lastKnownFileType = wrapper.framework; name = AssetsLibrary.framework; path = System/Library/Frameworks/AssetsLibrary.framework; sourceTree = SDKROOT; };
		F3A1F44F19207BAB0081885B /* CoreImage.app */ = {isa = PBXFileReference; explicitFileType = wrapper.application; includeInIndex = 0; path = CoreImage.app; sourceTree = BUILT_PRODUCTS_DIR; };
		F3A1F45219207BAB0081885B /* Foundation.framework */ = {isa = PBXFileReference; lastKnownFileType = wrapper.framework; name = Foundation.framework; path = System/Library/Frameworks/Foundation.framework; sourceTree = SDKROOT; };
		F3A1F45419207BAB0081885B /* CoreGraphics.framework */ = {isa = PBXFileReference; lastKnownFileType = wrapper.framework; name = CoreGraphics.framework; path = System/Library/Frameworks/CoreGraphics.framework; sourceTree = SDKROOT; };
		F3A1F45619207BAB0081885B /* UIKit.framework */ = {isa = PBXFileReference; lastKnownFileType = wrapper.framework; name = UIKit.framework; path = System/Library/Frameworks/UIKit.framework; sourceTree = SDKROOT; };
		F3A1F45A19207BAB0081885B /* CoreImage-Info.plist */ = {isa = PBXFileReference; lastKnownFileType = text.plist.xml; path = "CoreImage-Info.plist"; sourceTree = "<group>"; };
		F3A1F45C19207BAB0081885B /* en */ = {isa = PBXFileReference; lastKnownFileType = text.plist.strings; name = en; path = en.lproj/InfoPlist.strings; sourceTree = "<group>"; };
		F3A1F45E19207BAB0081885B /* main.m */ = {isa = PBXFileReference; lastKnownFileType = sourcecode.c.objc; path = main.m; sourceTree = "<group>"; };
		F3A1F46019207BAB0081885B /* CoreImage-Prefix.pch */ = {isa = PBXFileReference; lastKnownFileType = sourcecode.c.h; path = "CoreImage-Prefix.pch"; sourceTree = "<group>"; };
		F3A1F46119207BAB0081885B /* AppDelegate.h */ = {isa = PBXFileReference; lastKnownFileType = sourcecode.c.h; path = AppDelegate.h; sourceTree = "<group>"; };
		F3A1F46219207BAB0081885B /* AppDelegate.m */ = {isa = PBXFileReference; lastKnownFileType = sourcecode.c.objc; path = AppDelegate.m; sourceTree = "<group>"; };
		F3A1F46519207BAB0081885B /* Base */ = {isa = PBXFileReference; lastKnownFileType = file.storyboard; name = Base; path = Base.lproj/Main.storyboard; sourceTree = "<group>"; };
		F3A1F46719207BAB0081885B /* ViewController.h */ = {isa = PBXFileReference; lastKnownFileType = sourcecode.c.h; path = ViewController.h; sourceTree = "<group>"; };
		F3A1F46819207BAB0081885B /* ViewController.m */ = {isa = PBXFileReference; lastKnownFileType = sourcecode.c.objc; path = ViewController.m; sourceTree = "<group>"; };
		F3A1F46A19207BAB0081885B /* Images.xcassets */ = {isa = PBXFileReference; lastKnownFileType = folder.assetcatalog; path = Images.xcassets; sourceTree = "<group>"; };
		F3A1F47019207BAB0081885B /* CoreImageTests.xctest */ = {isa = PBXFileReference; explicitFileType = wrapper.cfbundle; includeInIndex = 0; path = CoreImageTests.xctest; sourceTree = BUILT_PRODUCTS_DIR; };
		F3A1F47119207BAB0081885B /* XCTest.framework */ = {isa = PBXFileReference; lastKnownFileType = wrapper.framework; name = XCTest.framework; path = Library/Frameworks/XCTest.framework; sourceTree = DEVELOPER_DIR; };
		F3A1F47919207BAB0081885B /* CoreImageTests-Info.plist */ = {isa = PBXFileReference; lastKnownFileType = text.plist.xml; path = "CoreImageTests-Info.plist"; sourceTree = "<group>"; };
		F3A1F47B19207BAB0081885B /* en */ = {isa = PBXFileReference; lastKnownFileType = text.plist.strings; name = en; path = en.lproj/InfoPlist.strings; sourceTree = "<group>"; };
		F3A1F47D19207BAB0081885B /* CoreImageTests.m */ = {isa = PBXFileReference; lastKnownFileType = sourcecode.c.objc; path = CoreImageTests.m; sourceTree = "<group>"; };
		F3A1F48719207BDC0081885B /* CoreImage.framework */ = {isa = PBXFileReference; lastKnownFileType = wrapper.framework; name = CoreImage.framework; path = System/Library/Frameworks/CoreImage.framework; sourceTree = SDKROOT; };
		F3A1F48919207F070081885B /* image.png */ = {isa = PBXFileReference; lastKnownFileType = image.png; path = image.png; sourceTree = "<group>"; };
/* End PBXFileReference section */

/* Begin PBXFrameworksBuildPhase section */
		F3A1F44C19207BAB0081885B /* Frameworks */ = {
			isa = PBXFrameworksBuildPhase;
			buildActionMask = 2147483647;
			files = (
				F328F4C71920A059004E8CE8 /* AssetsLibrary.framework in Frameworks */,
				F3A1F48819207BDC0081885B /* CoreImage.framework in Frameworks */,
				F3A1F45519207BAB0081885B /* CoreGraphics.framework in Frameworks */,
				F3A1F45719207BAB0081885B /* UIKit.framework in Frameworks */,
				F3A1F45319207BAB0081885B /* Foundation.framework in Frameworks */,
			);
			runOnlyForDeploymentPostprocessing = 0;
		};
		F3A1F46D19207BAB0081885B /* Frameworks */ = {
			isa = PBXFrameworksBuildPhase;
			buildActionMask = 2147483647;
			files = (
				F3A1F47219207BAB0081885B /* XCTest.framework in Frameworks */,
				F3A1F47419207BAB0081885B /* UIKit.framework in Frameworks */,
				F3A1F47319207BAB0081885B /* Foundation.framework in Frameworks */,
			);
			runOnlyForDeploymentPostprocessing = 0;
		};
/* End PBXFrameworksBuildPhase section */

/* Begin PBXGroup section */
		F3A1F44619207BAA0081885B = {
			isa = PBXGroup;
			children = (
				F3A1F45819207BAB0081885B /* CoreImage */,
				F3A1F47719207BAB0081885B /* CoreImageTests */,
				F3A1F45119207BAB0081885B /* Frameworks */,
				F3A1F45019207BAB0081885B /* Products */,
			);
			sourceTree = "<group>";
		};
		F3A1F45019207BAB0081885B /* Products */ = {
			isa = PBXGroup;
			children = (
				F3A1F44F19207BAB0081885B /* CoreImage.app */,
				F3A1F47019207BAB0081885B /* CoreImageTests.xctest */,
			);
			name = Products;
			sourceTree = "<group>";
		};
		F3A1F45119207BAB0081885B /* Frameworks */ = {
			isa = PBXGroup;
			children = (
				F328F4C61920A059004E8CE8 /* AssetsLibrary.framework */,
				F3A1F48719207BDC0081885B /* CoreImage.framework */,
				F3A1F45219207BAB0081885B /* Foundation.framework */,
				F3A1F45419207BAB0081885B /* CoreGraphics.framework */,
				F3A1F45619207BAB0081885B /* UIKit.framework */,
				F3A1F47119207BAB0081885B /* XCTest.framework */,
			);
			name = Frameworks;
			sourceTree = "<group>";
		};
		F3A1F45819207BAB0081885B /* CoreImage */ = {
			isa = PBXGroup;
			children = (
				F3A1F46119207BAB0081885B /* AppDelegate.h */,
				F3A1F46219207BAB0081885B /* AppDelegate.m */,
				F3A1F46419207BAB0081885B /* Main.storyboard */,
				F3A1F46719207BAB0081885B /* ViewController.h */,
				F3A1F46819207BAB0081885B /* ViewController.m */,
				F3A1F46A19207BAB0081885B /* Images.xcassets */,
				F3A1F48919207F070081885B /* image.png */,
				F3A1F45919207BAB0081885B /* Supporting Files */,
			);
			path = CoreImage;
			sourceTree = "<group>";
		};
		F3A1F45919207BAB0081885B /* Supporting Files */ = {
			isa = PBXGroup;
			children = (
				F3A1F45A19207BAB0081885B /* CoreImage-Info.plist */,
				F3A1F45B19207BAB0081885B /* InfoPlist.strings */,
				F3A1F45E19207BAB0081885B /* main.m */,
				F3A1F46019207BAB0081885B /* CoreImage-Prefix.pch */,
			);
			name = "Supporting Files";
			sourceTree = "<group>";
		};
		F3A1F47719207BAB0081885B /* CoreImageTests */ = {
			isa = PBXGroup;
			children = (
				F3A1F47D19207BAB0081885B /* CoreImageTests.m */,
				F3A1F47819207BAB0081885B /* Supporting Files */,
			);
			path = CoreImageTests;
			sourceTree = "<group>";
		};
		F3A1F47819207BAB0081885B /* Supporting Files */ = {
			isa = PBXGroup;
			children = (
				F3A1F47919207BAB0081885B /* CoreImageTests-Info.plist */,
				F3A1F47A19207BAB0081885B /* InfoPlist.strings */,
			);
			name = "Supporting Files";
			sourceTree = "<group>";
		};
/* End PBXGroup section */

/* Begin PBXNativeTarget section */
		F3A1F44E19207BAB0081885B /* CoreImage */ = {
			isa = PBXNativeTarget;
			buildConfigurationList = F3A1F48119207BAB0081885B /* Build configuration list for PBXNativeTarget "CoreImage" */;
			buildPhases = (
				F3A1F44B19207BAB0081885B /* Sources */,
				F3A1F44C19207BAB0081885B /* Frameworks */,
				F3A1F44D19207BAB0081885B /* Resources */,
			);
			buildRules = (
			);
			dependencies = (
			);
			name = CoreImage;
			productName = CoreImage;
			productReference = F3A1F44F19207BAB0081885B /* CoreImage.app */;
			productType = "com.apple.product-type.application";
		};
		F3A1F46F19207BAB0081885B /* CoreImageTests */ = {
			isa = PBXNativeTarget;
			buildConfigurationList = F3A1F48419207BAB0081885B /* Build configuration list for PBXNativeTarget "CoreImageTests" */;
			buildPhases = (
				F3A1F46C19207BAB0081885B /* Sources */,
				F3A1F46D19207BAB0081885B /* Frameworks */,
				F3A1F46E19207BAB0081885B /* Resources */,
			);
			buildRules = (
			);
			dependencies = (
				F3A1F47619207BAB0081885B /* PBXTargetDependency */,
			);
			name = CoreImageTests;
			productName = CoreImageTests;
			productReference = F3A1F47019207BAB0081885B /* CoreImageTests.xctest */;
			productType = "com.apple.product-type.bundle.unit-test";
		};
/* End PBXNativeTarget section */

/* Begin PBXProject section */
		F3A1F44719207BAA0081885B /* Project object */ = {
			isa = PBXProject;
			attributes = {
				LastUpgradeCheck = 0510;
				ORGANIZATIONNAME = Robin;
				TargetAttributes = {
					F3A1F46F19207BAB0081885B = {
						TestTargetID = F3A1F44E19207BAB0081885B;
					};
				};
			};
			buildConfigurationList = F3A1F44A19207BAA0081885B /* Build configuration list for PBXProject "CoreImage" */;
			compatibilityVersion = "Xcode 3.2";
			developmentRegion = English;
			hasScannedForEncodings = 0;
			knownRegions = (
				en,
				Base,
			);
			mainGroup = F3A1F44619207BAA0081885B;
			productRefGroup = F3A1F45019207BAB0081885B /* Products */;
			projectDirPath = "";
			projectRoot = "";
			targets = (
				F3A1F44E19207BAB0081885B /* CoreImage */,
				F3A1F46F19207BAB0081885B /* CoreImageTests */,
			);
		};
/* End PBXProject section */

/* Begin PBXResourcesBuildPhase section */
		F3A1F44D19207BAB0081885B /* Resources */ = {
			isa = PBXResourcesBuildPhase;
			buildActionMask = 2147483647;
			files = (
				F3A1F46B19207BAB0081885B /* Images.xcassets in Resources */,
				F3A1F45D19207BAB0081885B /* InfoPlist.strings in Resources */,
				F3A1F46619207BAB0081885B /* Main.storyboard in Resources */,
				F3A1F48A19207F070081885B /* image.png in Resources */,
			);
			runOnlyForDeploymentPostprocessing = 0;
		};
		F3A1F46E19207BAB0081885B /* Resources */ = {
			isa = PBXResourcesBuildPhase;
			buildActionMask = 2147483647;
			files = (
				F3A1F47C19207BAB0081885B /* InfoPlist.strings in Resources */,
			);
			runOnlyForDeploymentPostprocessing = 0;
		};
/* End PBXResourcesBuildPhase section */

/* Begin PBXSourcesBuildPhase section */
		F3A1F44B19207BAB0081885B /* Sources */ = {
			isa = PBXSourcesBuildPhase;
			buildActionMask = 2147483647;
			files = (
				F3A1F46919207BAB0081885B /* ViewController.m in Sources */,
				F3A1F46319207BAB0081885B /* AppDelegate.m in Sources */,
				F3A1F45F19207BAB0081885B /* main.m in Sources */,
			);
			runOnlyForDeploymentPostprocessing = 0;
		};
		F3A1F46C19207BAB0081885B /* Sources */ = {
			isa = PBXSourcesBuildPhase;
			buildActionMask = 2147483647;
			files = (
				F3A1F47E19207BAB0081885B /* CoreImageTests.m in Sources */,
			);
			runOnlyForDeploymentPostprocessing = 0;
		};
/* End PBXSourcesBuildPhase section */

/* Begin PBXTargetDependency section */
		F3A1F47619207BAB0081885B /* PBXTargetDependency */ = {
			isa = PBXTargetDependency;
			target = F3A1F44E19207BAB0081885B /* CoreImage */;
			targetProxy = F3A1F47519207BAB0081885B /* PBXContainerItemProxy */;
		};
/* End PBXTargetDependency section */

/* Begin PBXVariantGroup section */
		F3A1F45B19207BAB0081885B /* InfoPlist.strings */ = {
			isa = PBXVariantGroup;
			children = (
				F3A1F45C19207BAB0081885B /* en */,
			);
			name = InfoPlist.strings;
			sourceTree = "<group>";
		};
		F3A1F46419207BAB0081885B /* Main.storyboard */ = {
			isa = PBXVariantGroup;
			children = (
				F3A1F46519207BAB0081885B /* Base */,
			);
			name = Main.storyboard;
			sourceTree = "<group>";
		};
		F3A1F47A19207BAB0081885B /* InfoPlist.strings */ = {
			isa = PBXVariantGroup;
			children = (
				F3A1F47B19207BAB0081885B /* en */,
			);
			name = InfoPlist.strings;
			sourceTree = "<group>";
		};
/* End PBXVariantGroup section */

/* Begin XCBuildConfiguration section */
		F3A1F47F19207BAB0081885B /* Debug */ = {
			isa = XCBuildConfiguration;
			buildSettings = {
				ALWAYS_SEARCH_USER_PATHS = NO;
				CLANG_CXX_LANGUAGE_STANDARD = "gnu++0x";
				CLANG_CXX_LIBRARY = "libc++";
				CLANG_ENABLE_MODULES = YES;
				CLANG_ENABLE_OBJC_ARC = YES;
				CLANG_WARN_BOOL_CONVERSION = YES;
				CLANG_WARN_CONSTANT_CONVERSION = YES;
				CLANG_WARN_DIRECT_OBJC_ISA_USAGE = YES_ERROR;
				CLANG_WARN_EMPTY_BODY = YES;
				CLANG_WARN_ENUM_CONVERSION = YES;
				CLANG_WARN_INT_CONVERSION = YES;
				CLANG_WARN_OBJC_ROOT_CLASS = YES_ERROR;
				CLANG_WARN__DUPLICATE_METHOD_MATCH = YES;
				"CODE_SIGN_IDENTITY[sdk=iphoneos*]" = "iPhone Developer";
				COPY_PHASE_STRIP = NO;
				GCC_C_LANGUAGE_STANDARD = gnu99;
				GCC_DYNAMIC_NO_PIC = NO;
				GCC_OPTIMIZATION_LEVEL = 0;
				GCC_PREPROCESSOR_DEFINITIONS = (
					"DEBUG=1",
					"$(inherited)",
				);
				GCC_SYMBOLS_PRIVATE_EXTERN = NO;
				GCC_WARN_64_TO_32_BIT_CONVERSION = YES;
				GCC_WARN_ABOUT_RETURN_TYPE = YES_ERROR;
				GCC_WARN_UNDECLARED_SELECTOR = YES;
				GCC_WARN_UNINITIALIZED_AUTOS = YES_AGGRESSIVE;
				GCC_WARN_UNUSED_FUNCTION = YES;
				GCC_WARN_UNUSED_VARIABLE = YES;
				IPHONEOS_DEPLOYMENT_TARGET = 7.1;
				ONLY_ACTIVE_ARCH = YES;
				SDKROOT = iphoneos;
			};
			name = Debug;
		};
		F3A1F48019207BAB0081885B /* Release */ = {
			isa = XCBuildConfiguration;
			buildSettings = {
				ALWAYS_SEARCH_USER_PATHS = NO;
				CLANG_CXX_LANGUAGE_STANDARD = "gnu++0x";
				CLANG_CXX_LIBRARY = "libc++";
				CLANG_ENABLE_MODULES = YES;
				CLANG_ENABLE_OBJC_ARC = YES;
				CLANG_WARN_BOOL_CONVERSION = YES;
				CLANG_WARN_CONSTANT_CONVERSION = YES;
				CLANG_WARN_DIRECT_OBJC_ISA_USAGE = YES_ERROR;
				CLANG_WARN_EMPTY_BODY = YES;
				CLANG_WARN_ENUM_CONVERSION = YES;
				CLANG_WARN_INT_CONVERSION = YES;
				CLANG_WARN_OBJC_ROOT_CLASS = YES_ERROR;
				CLANG_WARN__DUPLICATE_METHOD_MATCH = YES;
				"CODE_SIGN_IDENTITY[sdk=iphoneos*]" = "iPhone Developer";
				COPY_PHASE_STRIP = YES;
				ENABLE_NS_ASSERTIONS = NO;
				GCC_C_LANGUAGE_STANDARD = gnu99;
				GCC_WARN_64_TO_32_BIT_CONVERSION = YES;
				GCC_WARN_ABOUT_RETURN_TYPE = YES_ERROR;
				GCC_WARN_UNDECLARED_SELECTOR = YES;
				GCC_WARN_UNINITIALIZED_AUTOS = YES_AGGRESSIVE;
				GCC_WARN_UNUSED_FUNCTION = YES;
				GCC_WARN_UNUSED_VARIABLE = YES;
				IPHONEOS_DEPLOYMENT_TARGET = 7.1;
				SDKROOT = iphoneos;
				VALIDATE_PRODUCT = YES;
			};
			name = Release;
		};
		F3A1F48219207BAB0081885B /* Debug */ = {
			isa = XCBuildConfiguration;
			buildSettings = {
				ASSETCATALOG_COMPILER_APPICON_NAME = AppIcon;
				ASSETCATALOG_COMPILER_LAUNCHIMAGE_NAME = LaunchImage;
				GCC_PRECOMPILE_PREFIX_HEADER = YES;
				GCC_PREFIX_HEADER = "CoreImage/CoreImage-Prefix.pch";
				INFOPLIST_FILE = "CoreImage/CoreImage-Info.plist";
				IPHONEOS_DEPLOYMENT_TARGET = 6.0;
				PRODUCT_NAME = "$(TARGET_NAME)";
				WRAPPER_EXTENSION = app;
			};
			name = Debug;
		};
		F3A1F48319207BAB0081885B /* Release */ = {
			isa = XCBuildConfiguration;
			buildSettings = {
				ASSETCATALOG_COMPILER_APPICON_NAME = AppIcon;
				ASSETCATALOG_COMPILER_LAUNCHIMAGE_NAME = LaunchImage;
				GCC_PRECOMPILE_PREFIX_HEADER = YES;
				GCC_PREFIX_HEADER = "CoreImage/CoreImage-Prefix.pch";
				INFOPLIST_FILE = "CoreImage/CoreImage-Info.plist";
				IPHONEOS_DEPLOYMENT_TARGET = 6.0;
				PRODUCT_NAME = "$(TARGET_NAME)";
				WRAPPER_EXTENSION = app;
			};
			name = Release;
		};
		F3A1F48519207BAB0081885B /* Debug */ = {
			isa = XCBuildConfiguration;
			buildSettings = {
				BUNDLE_LOADER = "$(BUILT_PRODUCTS_DIR)/CoreImage.app/CoreImage";
				FRAMEWORK_SEARCH_PATHS = (
					"$(SDKROOT)/Developer/Library/Frameworks",
					"$(inherited)",
					"$(DEVELOPER_FRAMEWORKS_DIR)",
				);
				GCC_PRECOMPILE_PREFIX_HEADER = YES;
				GCC_PREFIX_HEADER = "CoreImage/CoreImage-Prefix.pch";
				GCC_PREPROCESSOR_DEFINITIONS = (
					"DEBUG=1",
					"$(inherited)",
				);
				INFOPLIST_FILE = "CoreImageTests/CoreImageTests-Info.plist";
				PRODUCT_NAME = "$(TARGET_NAME)";
				TEST_HOST = "$(BUNDLE_LOADER)";
				WRAPPER_EXTENSION = xctest;
			};
			name = Debug;
		};
		F3A1F48619207BAB0081885B /* Release */ = {
			isa = XCBuildConfiguration;
			buildSettings = {
				BUNDLE_LOADER = "$(BUILT_PRODUCTS_DIR)/CoreImage.app/CoreImage";
				FRAMEWORK_SEARCH_PATHS = (
					"$(SDKROOT)/Developer/Library/Frameworks",
					"$(inherited)",
					"$(DEVELOPER_FRAMEWORKS_DIR)",
				);
				GCC_PRECOMPILE_PREFIX_HEADER = YES;
				GCC_PREFIX_HEADER = "CoreImage/CoreImage-Prefix.pch";
				INFOPLIST_FILE = "CoreImageTests/CoreImageTests-Info.plist";
				PRODUCT_NAME = "$(TARGET_NAME)";
				TEST_HOST = "$(BUNDLE_LOADER)";
				WRAPPER_EXTENSION = xctest;
			};
			name = Release;
		};
/* End XCBuildConfiguration section */

/* Begin XCConfigurationList section */
		F3A1F44A19207BAA0081885B /* Build configuration list for PBXProject "CoreImage" */ = {
			isa = XCConfigurationList;
			buildConfigurations = (
				F3A1F47F19207BAB0081885B /* Debug */,
				F3A1F48019207BAB0081885B /* Release */,
			);
			defaultConfigurationIsVisible = 0;
			defaultConfigurationName = Release;
		};
		F3A1F48119207BAB0081885B /* Build configuration list for PBXNativeTarget "CoreImage" */ = {
			isa = XCConfigurationList;
			buildConfigurations = (
				F3A1F48219207BAB0081885B /* Debug */,
				F3A1F48319207BAB0081885B /* Release */,
			);
			defaultConfigurationIsVisible = 0;
			defaultConfigurationName = Release;
		};
		F3A1F48419207BAB0081885B /* Build configuration list for PBXNativeTarget "CoreImageTests" */ = {
			isa = XCConfigurationList;
			buildConfigurations = (
				F3A1F48519207BAB0081885B /* Debug */,
				F3A1F48619207BAB0081885B /* Release */,
			);
			defaultConfigurationIsVisible = 0;
			defaultConfigurationName = Release;
		};
/* End XCConfigurationList section */
	};
	rootObject = F3A1F44719207BAA0081885B /* Project object */;
}
